
Microsoft Visual Studio Solution File, Format Version 12.00
# Visual Studio Version 17
VisualStudioVersion = 17.4.33103.184
MinimumVisualStudioVersion = 10.0.40219.1
Project("{FAE04EC0-301F-11D3-BF4B-00C04F79EFBC}") = "DbScaffoldingTest", "DbScaffoldingTest\DbScaffoldingTest.csproj", "{88AFDC0F-6568-4B42-B8CD-8E54045721DA}"
EndProject
Project("{FAE04EC0-301F-11D3-BF4B-00C04F79EFBC}") = "DataAccess", "DataAccess\DataAccess.csproj", "{D5BE5C44-B086-4A4E-A663-2AD113ACFA09}"
EndProject
Project("{FAE04EC0-301F-11D3-BF4B-00C04F79EFBC}") = "Entities", "Entities\Entities.csproj", "{358D7EEC-3E90-40E4-9D7A-7CC7A4FC6FC5}"
EndProject
Global
	GlobalSection(SolutionConfigurationPlatforms) = preSolution
		Debug|Any CPU = Debug|Any CPU
		Release|Any CPU = Release|Any CPU
	EndGlobalSection
	GlobalSection(ProjectConfigurationPlatforms) = postSolution
		{88AFDC0F-6568-4B42-B8CD-8E54045721DA}.Debug|Any CPU.ActiveCfg = Debug|Any CPU
		{88AFDC0F-6568-4B42-B8CD-8E54045721DA}.Debug|Any CPU.Build.0 = Debug|Any CPU
		{88AFDC0F-6568-4B42-B8CD-8E54045721DA}.Release|Any CPU.ActiveCfg = Release|Any CPU
		{88AFDC0F-6568-4B42-B8CD-8E54045721DA}.Release|Any CPU.Build.0 = Release|Any CPU
		{D5BE5C44-B086-4A4E-A663-2AD113ACFA09}.Debug|Any CPU.ActiveCfg = Debug|Any CPU
		{D5BE5C44-B086-4A4E-A663-2AD113ACFA09}.Debug|Any CPU.Build.0 = Debug|Any CPU
		{D5BE5C44-B086-4A4E-A663-2AD113ACFA09}.Release|Any CPU.ActiveCfg = Release|Any CPU
		{D5BE5C44-B086-4A4E-A663-2AD113ACFA09}.Release|Any CPU.Build.0 = Release|Any CPU
		{358D7EEC-3E90-40E4-9D7A-7CC7A4FC6FC5}.Debug|Any CPU.ActiveCfg = Debug|Any CPU
		{358D7EEC-3E90-40E4-9D7A-7CC7A4FC6FC5}.Debug|Any CPU.Build.0 = Debug|Any CPU
		{358D7EEC-3E90-40E4-9D7A-7CC7A4FC6FC5}.Release|Any CPU.ActiveCfg = Release|Any CPU
		{358D7EEC-3E90-40E4-9D7A-7CC7A4FC6FC5}.Release|Any CPU.Build.0 = Release|Any CPU
	EndGlobalSection
	GlobalSection(SolutionProperties) = preSolution
		HideSolutionNode = FALSE
	EndGlobalSection
	GlobalSection(ExtensibilityGlobals) = postSolution
		SolutionGuid = {9E939FDF-9EF7-4476-BF80-E136102E9EEA}
	EndGlobalSection
EndGlobal
